
Microsoft Visual Studio Solution File, Format Version 12.00
# Visual Studio Version 17
VisualStudioVersion = 17.13.35931.197 d17.13
MinimumVisualStudioVersion = 10.0.40219.1
Project("{FAE04EC0-301F-11D3-BF4B-00C04F79EFBC}") = "SyntaxWinApp01", "SyntaxWinApp01\SyntaxWinApp01.csproj", "{7E1787D1-DAFA-4F27-8B46-40088EFE35FC}"
EndProject
Project("{FAE04EC0-301F-11D3-BF4B-00C04F79EFBC}") = "SyntaxWinApp02", "SyntaxWinApp02\SyntaxWinApp02.csproj", "{883BB959-A95D-45D9-90C1-2475284CF5BD}"
EndProject
Project("{FAE04EC0-301F-11D3-BF4B-00C04F79EFBC}") = "SyntaxWinApp03", "SyntaxWinApp03\SyntaxWinApp03.csproj", "{A5390282-EC6C-4AE9-B1F1-401E62CBFE23}"
EndProject
Global
	GlobalSection(SolutionConfigurationPlatforms) = preSolution
		Debug|Any CPU = Debug|Any CPU
		Release|Any CPU = Release|Any CPU
	EndGlobalSection
	GlobalSection(ProjectConfigurationPlatforms) = postSolution
		{7E1787D1-DAFA-4F27-8B46-40088EFE35FC}.Debug|Any CPU.ActiveCfg = Debug|Any CPU
		{7E1787D1-DAFA-4F27-8B46-40088EFE35FC}.Debug|Any CPU.Build.0 = Debug|Any CPU
		{7E1787D1-DAFA-4F27-8B46-40088EFE35FC}.Release|Any CPU.ActiveCfg = Release|Any CPU
		{7E1787D1-DAFA-4F27-8B46-40088EFE35FC}.Release|Any CPU.Build.0 = Release|Any CPU
		{883BB959-A95D-45D9-90C1-2475284CF5BD}.Debug|Any CPU.ActiveCfg = Debug|Any CPU
		{883BB959-A95D-45D9-90C1-2475284CF5BD}.Debug|Any CPU.Build.0 = Debug|Any CPU
		{883BB959-A95D-45D9-90C1-2475284CF5BD}.Release|Any CPU.ActiveCfg = Release|Any CPU
		{883BB959-A95D-45D9-90C1-2475284CF5BD}.Release|Any CPU.Build.0 = Release|Any CPU
		{A5390282-EC6C-4AE9-B1F1-401E62CBFE23}.Debug|Any CPU.ActiveCfg = Debug|Any CPU
		{A5390282-EC6C-4AE9-B1F1-401E62CBFE23}.Debug|Any CPU.Build.0 = Debug|Any CPU
		{A5390282-EC6C-4AE9-B1F1-401E62CBFE23}.Release|Any CPU.ActiveCfg = Release|Any CPU
		{A5390282-EC6C-4AE9-B1F1-401E62CBFE23}.Release|Any CPU.Build.0 = Release|Any CPU
	EndGlobalSection
	GlobalSection(SolutionProperties) = preSolution
		HideSolutionNode = FALSE
	EndGlobalSection
	GlobalSection(ExtensibilityGlobals) = postSolution
		SolutionGuid = {72663E9B-2AE9-4DEC-8181-672F7B79377D}
	EndGlobalSection
EndGlobal
